# THIS IS AN AUTOGENERATED FILE. DO NOT EDIT THIS FILE DIRECTLY.
# yarn lockfile v1


es6-promise@^4.2.8:
  version "4.2.8"
  resolved "https://registry.yarnpkg.com/es6-promise/-/es6-promise-4.2.8.tgz#4eb21594c972bc40553d276e510539143db53e0a"
  integrity sha512-HJDGx5daxeIvxdBxvG2cb9g4tEvwIk3i8+nhX0yGrYmZUzbkdg8QbDevheDB8gd0//uPj4c1EQua8Q+MViT0/w==

format-thousands@^1.1.1:
  version "1.1.1"
  resolved "https://registry.yarnpkg.com/format-thousands/-/format-thousands-1.1.1.tgz#7975bee30338d9006390da5831db0b41c323fbfa"
  integrity sha1-eXW+4wM42QBjkNpYMdsLQcMj+/o=

github-buttons@^2.8.0:
  version "2.14.0"
  resolved "https://registry.yarnpkg.com/github-buttons/-/github-buttons-2.14.0.tgz#32ce381651091accda09217cd7a6e4c77f91e222"
  integrity sha512-rAwKwFOiWoyhb3g5ZyXjI3XXprAa36jCd0tm467aEUYtiDZkqEXkepuzNg9LryLbnuLRQmcifIPTxLUBnuYpXQ==

node-fetch@^2.3.0:
  version "2.6.1"
  resolved "https://registry.yarnpkg.com/node-fetch/-/node-fetch-2.6.1.tgz#045bd323631f76ed2e2b55573394416b639a0052"
  integrity sha512-V4aYg89jEoVRxRb2fJdAg8FHvI7cEyYdVAh94HH0UIK8oJxUfkjlDQN9RbMx+bEjP7+ggMiFRprSti032Oipxw==

opencollective-postinstall@^2.0.2:
  version "2.0.3"
  resolved "https://registry.yarnpkg.com/opencollective-postinstall/-/opencollective-postinstall-2.0.3.tgz#7a0fff978f6dbfa4d006238fbac98ed4198c3259"
  integrity sha512-8AV/sCtuzUeTo8gQK5qDZzARrulB3egtLzFgteqB2tcT4Mw7B8Kt7JcDHmltjz6FOAHsvTevk70gZEbhM4ZS9Q==

tslib@^1.9.3:
  version "1.13.0"
  resolved "https://registry.yarnpkg.com/tslib/-/tslib-1.13.0.tgz#c881e13cc7015894ed914862d276436fa9a47043"
  integrity sha512-i/6DQjL8Xf3be4K/E6Wgpekn5Qasl1usyw++dAA35Ue5orEn65VIxOA+YvNNl9HV3qv70T7CNwjODHZrLwvd1Q==

vue-github-button@^1.2.0:
  version "1.2.0"
  resolved "https://registry.yarnpkg.com/vue-github-button/-/vue-github-button-1.2.0.tgz#5624a2807b16bdac61589f55503b8a492d2a9d5b"
  integrity sha512-lvGrbQnHWX8bYovtBFz5uSgtbM+glXXQQq5VR79YDsZ+Fh5DBpLR+Ws5YLz9eSA+gNGi3xnXKjZDbUeQXOYh6A==
  dependencies:
    github-buttons "^2.8.0"

vue-github-buttons@^3.1.0:
  version "3.1.0"
  resolved "https://registry.yarnpkg.com/vue-github-buttons/-/vue-github-buttons-3.1.0.tgz#eaea2ba0b7e0df5a7fd1c61ba37dabf7553dd79a"
  integrity sha512-x0b9bdhP5xZOD5kQ9+nnCzvKqVyHb4moqN2l06mjYB/k2WRdW5jiAWlneUgoPFwPvcqM40vrTDXVvBrS0MMlEQ==
  dependencies:
    format-thousands "^1.1.1"
    node-fetch "^2.3.0"
    tslib "^1.9.3"

vue-material@^1.0.0-beta-15:
  version "1.0.0-beta-15"
  resolved "https://registry.yarnpkg.com/vue-material/-/vue-material-1.0.0-beta-15.tgz#949025464f8fe2ff3b9be2ba1365d9eab770ad8a"
  integrity sha512-nNC1mF1BQNKsyEjRXPYxweYlIOcVE9rK4LeeyppOU6h4vgQnZuNmlGIRnl6fUe8dj+x7c5x5/qydLhJRabPMng==
  dependencies:
    opencollective-postinstall "^2.0.2"
    vue-github-button "^1.2.0"
    vue-github-buttons "^3.1.0"
    vue-toc "0.0.1"

vue-toc@0.0.1:
  version "0.0.1"
  resolved "https://registry.yarnpkg.com/vue-toc/-/vue-toc-0.0.1.tgz#6a4dfa9c144445679705cd7b991a1a73ac080cc0"
  integrity sha512-RZfVgLzk/kpEmk05ptvU/+x3TVo4Ai4BBARvV4iCurR9bJsAqnnrqwjEBKnEG+s6NT0yQ6EY0JMGViyOUGysDw==
  dependencies:
    vue "^2.6.10"

vue@^2.6.10:
  version "2.6.12"
  resolved "https://registry.yarnpkg.com/vue/-/vue-2.6.12.tgz#f5ebd4fa6bd2869403e29a896aed4904456c9123"
  integrity sha512-uhmLFETqPPNyuLLbsKz6ioJ4q7AZHzD8ZVFNATNyICSZouqP2Sz0rotWQC8UNBF6VGSCs5abnKJoStA6JbCbfg==

vuex@^3.5.1:
  version "3.5.1"
  resolved "https://registry.yarnpkg.com/vuex/-/vuex-3.5.1.tgz#f1b8dcea649bc25254cf4f4358081dbf5da18b3d"
  integrity sha512-w7oJzmHQs0FM9LXodfskhw9wgKBiaB+totOdb8sNzbTB2KDCEEwEs29NzBZFh/lmEK1t5tDmM1vtsO7ubG1DFw==
